
Microsoft Visual Studio Solution File, Format Version 12.00
# Visual Studio 15
VisualStudioVersion = 15.0.28307.421
MinimumVisualStudioVersion = 10.0.40219.1
Project("{FAE04EC0-301F-11D3-BF4B-00C04F79EFBC}") = "ProjectA", "ProjectA\ProjectA.csproj", "{D0D40380-C5FD-4631-8597-D650E44D2E99}"
EndProject
Global
	GlobalSection(SolutionConfigurationPlatforms) = preSolution
		Debug|Any CPU = Debug|Any CPU
		Release|Any CPU = Release|Any CPU
	EndGlobalSection
	GlobalSection(ProjectConfigurationPlatforms) = postSolution
		{D0D40380-C5FD-4631-8597-D650E44D2E99}.Debug|Any CPU.ActiveCfg = Debug|Any CPU
		{D0D40380-C5FD-4631-8597-D650E44D2E99}.Debug|Any CPU.Build.0 = Debug|Any CPU
		{D0D40380-C5FD-4631-8597-D650E44D2E99}.Release|Any CPU.ActiveCfg = Release|Any CPU
		{D0D40380-C5FD-4631-8597-D650E44D2E99}.Release|Any CPU.Build.0 = Release|Any CPU
	EndGlobalSection
	GlobalSection(SolutionProperties) = preSolution
		HideSolutionNode = FALSE
	EndGlobalSection
	GlobalSection(ExtensibilityGlobals) = postSolution
		SolutionGuid = {DA3E0327-3B0D-45D8-A4A6-2BFFFCA37C4E}
	EndGlobalSection
EndGlobal
